
Microsoft Visual Studio Solution File, Format Version 12.00
# Visual Studio Version 17
Project("{8BC9CEB8-8B4A-11D0-8D11-00A0C91BC942}") = "ALL_BUILD", "ALL_BUILD.vcxproj", "{356123F1-E64D-327B-949D-02F8F0EF05F3}"
	ProjectSection(ProjectDependencies) = postProject
		{7E03EF80-8B83-34A2-A855-9F935177CD1E} = {7E03EF80-8B83-34A2-A855-9F935177CD1E}
		{2293B508-544E-3C4F-8049-8E1FEA9E5CD1} = {2293B508-544E-3C4F-8049-8E1FEA9E5CD1}
		{D150F625-0576-33D9-93B3-95913B37E960} = {D150F625-0576-33D9-93B3-95913B37E960}
		{86578427-70FC-3B1E-AA73-EB78EEFD5D80} = {86578427-70FC-3B1E-AA73-EB78EEFD5D80}
	EndProjectSection
EndProject
Project("{8BC9CEB8-8B4A-11D0-8D11-00A0C91BC942}") = "INSTALL", "INSTALL.vcxproj", "{E44A8960-9136-3817-A4C6-B75D9B2BD421}"
	ProjectSection(ProjectDependencies) = postProject
		{356123F1-E64D-327B-949D-02F8F0EF05F3} = {356123F1-E64D-327B-949D-02F8F0EF05F3}
		{7E03EF80-8B83-34A2-A855-9F935177CD1E} = {7E03EF80-8B83-34A2-A855-9F935177CD1E}
	EndProjectSection
EndProject
Project("{8BC9CEB8-8B4A-11D0-8D11-00A0C91BC942}") = "UpdateAssimpLibsDebugSymbolsAndDLLs", "UpdateAssimpLibsDebugSymbolsAndDLLs.vcxproj", "{BC07BFFA-116C-3FC2-BA91-7B160BEE4B10}"
	ProjectSection(ProjectDependencies) = postProject
		{7E03EF80-8B83-34A2-A855-9F935177CD1E} = {7E03EF80-8B83-34A2-A855-9F935177CD1E}
	EndProjectSection
EndProject
Project("{8BC9CEB8-8B4A-11D0-8D11-00A0C91BC942}") = "ZERO_CHECK", "ZERO_CHECK.vcxproj", "{7E03EF80-8B83-34A2-A855-9F935177CD1E}"
	ProjectSection(ProjectDependencies) = postProject
	EndProjectSection
EndProject
Project("{8BC9CEB8-8B4A-11D0-8D11-00A0C91BC942}") = "assimp", "code\assimp.vcxproj", "{2293B508-544E-3C4F-8049-8E1FEA9E5CD1}"
	ProjectSection(ProjectDependencies) = postProject
		{7E03EF80-8B83-34A2-A855-9F935177CD1E} = {7E03EF80-8B83-34A2-A855-9F935177CD1E}
		{86578427-70FC-3B1E-AA73-EB78EEFD5D80} = {86578427-70FC-3B1E-AA73-EB78EEFD5D80}
	EndProjectSection
EndProject
Project("{8BC9CEB8-8B4A-11D0-8D11-00A0C91BC942}") = "uninstall", "uninstall.vcxproj", "{DAE5D5D3-D32F-3CC6-8DE8-22695BC9E1D0}"
	ProjectSection(ProjectDependencies) = postProject
		{7E03EF80-8B83-34A2-A855-9F935177CD1E} = {7E03EF80-8B83-34A2-A855-9F935177CD1E}
	EndProjectSection
EndProject
Project("{8BC9CEB8-8B4A-11D0-8D11-00A0C91BC942}") = "unit", "test\unit.vcxproj", "{D150F625-0576-33D9-93B3-95913B37E960}"
	ProjectSection(ProjectDependencies) = postProject
		{7E03EF80-8B83-34A2-A855-9F935177CD1E} = {7E03EF80-8B83-34A2-A855-9F935177CD1E}
		{2293B508-544E-3C4F-8049-8E1FEA9E5CD1} = {2293B508-544E-3C4F-8049-8E1FEA9E5CD1}
		{86578427-70FC-3B1E-AA73-EB78EEFD5D80} = {86578427-70FC-3B1E-AA73-EB78EEFD5D80}
	EndProjectSection
EndProject
Project("{8BC9CEB8-8B4A-11D0-8D11-00A0C91BC942}") = "zlibstatic", "contrib\zlib\zlibstatic.vcxproj", "{86578427-70FC-3B1E-AA73-EB78EEFD5D80}"
	ProjectSection(ProjectDependencies) = postProject
		{7E03EF80-8B83-34A2-A855-9F935177CD1E} = {7E03EF80-8B83-34A2-A855-9F935177CD1E}
	EndProjectSection
EndProject
Global
	GlobalSection(SolutionConfigurationPlatforms) = preSolution
		Debug|x64 = Debug|x64
		Release|x64 = Release|x64
		MinSizeRel|x64 = MinSizeRel|x64
		RelWithDebInfo|x64 = RelWithDebInfo|x64
	EndGlobalSection
	GlobalSection(ProjectConfigurationPlatforms) = postSolution
		{356123F1-E64D-327B-949D-02F8F0EF05F3}.Debug|x64.ActiveCfg = Debug|x64
		{356123F1-E64D-327B-949D-02F8F0EF05F3}.Debug|x64.Build.0 = Debug|x64
		{356123F1-E64D-327B-949D-02F8F0EF05F3}.Release|x64.ActiveCfg = Release|x64
		{356123F1-E64D-327B-949D-02F8F0EF05F3}.Release|x64.Build.0 = Release|x64
		{356123F1-E64D-327B-949D-02F8F0EF05F3}.MinSizeRel|x64.ActiveCfg = MinSizeRel|x64
		{356123F1-E64D-327B-949D-02F8F0EF05F3}.MinSizeRel|x64.Build.0 = MinSizeRel|x64
		{356123F1-E64D-327B-949D-02F8F0EF05F3}.RelWithDebInfo|x64.ActiveCfg = RelWithDebInfo|x64
		{356123F1-E64D-327B-949D-02F8F0EF05F3}.RelWithDebInfo|x64.Build.0 = RelWithDebInfo|x64
		{E44A8960-9136-3817-A4C6-B75D9B2BD421}.Debug|x64.ActiveCfg = Debug|x64
		{E44A8960-9136-3817-A4C6-B75D9B2BD421}.Release|x64.ActiveCfg = Release|x64
		{E44A8960-9136-3817-A4C6-B75D9B2BD421}.MinSizeRel|x64.ActiveCfg = MinSizeRel|x64
		{E44A8960-9136-3817-A4C6-B75D9B2BD421}.RelWithDebInfo|x64.ActiveCfg = RelWithDebInfo|x64
		{BC07BFFA-116C-3FC2-BA91-7B160BEE4B10}.Debug|x64.ActiveCfg = Debug|x64
		{BC07BFFA-116C-3FC2-BA91-7B160BEE4B10}.Release|x64.ActiveCfg = Release|x64
		{BC07BFFA-116C-3FC2-BA91-7B160BEE4B10}.MinSizeRel|x64.ActiveCfg = MinSizeRel|x64
		{BC07BFFA-116C-3FC2-BA91-7B160BEE4B10}.RelWithDebInfo|x64.ActiveCfg = RelWithDebInfo|x64
		{7E03EF80-8B83-34A2-A855-9F935177CD1E}.Debug|x64.ActiveCfg = Debug|x64
		{7E03EF80-8B83-34A2-A855-9F935177CD1E}.Debug|x64.Build.0 = Debug|x64
		{7E03EF80-8B83-34A2-A855-9F935177CD1E}.Release|x64.ActiveCfg = Release|x64
		{7E03EF80-8B83-34A2-A855-9F935177CD1E}.Release|x64.Build.0 = Release|x64
		{7E03EF80-8B83-34A2-A855-9F935177CD1E}.MinSizeRel|x64.ActiveCfg = MinSizeRel|x64
		{7E03EF80-8B83-34A2-A855-9F935177CD1E}.MinSizeRel|x64.Build.0 = MinSizeRel|x64
		{7E03EF80-8B83-34A2-A855-9F935177CD1E}.RelWithDebInfo|x64.ActiveCfg = RelWithDebInfo|x64
		{7E03EF80-8B83-34A2-A855-9F935177CD1E}.RelWithDebInfo|x64.Build.0 = RelWithDebInfo|x64
		{2293B508-544E-3C4F-8049-8E1FEA9E5CD1}.Debug|x64.ActiveCfg = Debug|x64
		{2293B508-544E-3C4F-8049-8E1FEA9E5CD1}.Debug|x64.Build.0 = Debug|x64
		{2293B508-544E-3C4F-8049-8E1FEA9E5CD1}.Release|x64.ActiveCfg = Release|x64
		{2293B508-544E-3C4F-8049-8E1FEA9E5CD1}.Release|x64.Build.0 = Release|x64
		{2293B508-544E-3C4F-8049-8E1FEA9E5CD1}.MinSizeRel|x64.ActiveCfg = MinSizeRel|x64
		{2293B508-544E-3C4F-8049-8E1FEA9E5CD1}.MinSizeRel|x64.Build.0 = MinSizeRel|x64
		{2293B508-544E-3C4F-8049-8E1FEA9E5CD1}.RelWithDebInfo|x64.ActiveCfg = RelWithDebInfo|x64
		{2293B508-544E-3C4F-8049-8E1FEA9E5CD1}.RelWithDebInfo|x64.Build.0 = RelWithDebInfo|x64
		{DAE5D5D3-D32F-3CC6-8DE8-22695BC9E1D0}.Debug|x64.ActiveCfg = Debug|x64
		{DAE5D5D3-D32F-3CC6-8DE8-22695BC9E1D0}.Release|x64.ActiveCfg = Release|x64
		{DAE5D5D3-D32F-3CC6-8DE8-22695BC9E1D0}.MinSizeRel|x64.ActiveCfg = MinSizeRel|x64
		{DAE5D5D3-D32F-3CC6-8DE8-22695BC9E1D0}.RelWithDebInfo|x64.ActiveCfg = RelWithDebInfo|x64
		{D150F625-0576-33D9-93B3-95913B37E960}.Debug|x64.ActiveCfg = Debug|x64
		{D150F625-0576-33D9-93B3-95913B37E960}.Debug|x64.Build.0 = Debug|x64
		{D150F625-0576-33D9-93B3-95913B37E960}.Release|x64.ActiveCfg = Release|x64
		{D150F625-0576-33D9-93B3-95913B37E960}.Release|x64.Build.0 = Release|x64
		{D150F625-0576-33D9-93B3-95913B37E960}.MinSizeRel|x64.ActiveCfg = MinSizeRel|x64
		{D150F625-0576-33D9-93B3-95913B37E960}.MinSizeRel|x64.Build.0 = MinSizeRel|x64
		{D150F625-0576-33D9-93B3-95913B37E960}.RelWithDebInfo|x64.ActiveCfg = RelWithDebInfo|x64
		{D150F625-0576-33D9-93B3-95913B37E960}.RelWithDebInfo|x64.Build.0 = RelWithDebInfo|x64
		{86578427-70FC-3B1E-AA73-EB78EEFD5D80}.Debug|x64.ActiveCfg = Debug|x64
		{86578427-70FC-3B1E-AA73-EB78EEFD5D80}.Debug|x64.Build.0 = Debug|x64
		{86578427-70FC-3B1E-AA73-EB78EEFD5D80}.Release|x64.ActiveCfg = Release|x64
		{86578427-70FC-3B1E-AA73-EB78EEFD5D80}.Release|x64.Build.0 = Release|x64
		{86578427-70FC-3B1E-AA73-EB78EEFD5D80}.MinSizeRel|x64.ActiveCfg = MinSizeRel|x64
		{86578427-70FC-3B1E-AA73-EB78EEFD5D80}.MinSizeRel|x64.Build.0 = MinSizeRel|x64
		{86578427-70FC-3B1E-AA73-EB78EEFD5D80}.RelWithDebInfo|x64.ActiveCfg = RelWithDebInfo|x64
		{86578427-70FC-3B1E-AA73-EB78EEFD5D80}.RelWithDebInfo|x64.Build.0 = RelWithDebInfo|x64
	EndGlobalSection
	GlobalSection(ExtensibilityGlobals) = postSolution
		SolutionGuid = {D18C4087-D359-39B4-AEEF-612BCCC3EA42}
	EndGlobalSection
	GlobalSection(ExtensibilityAddIns) = postSolution
	EndGlobalSection
EndGlobal
