<?xml version="1.0" encoding="utf-8"?>
<Project ToolsVersion="17.0" xmlns="http://schemas.microsoft.com/developer/msbuild/2003">
  <ItemGroup>
    <CustomBuild Include="D:\VestEngine\assimp-6.0.5\CMakeFiles\3224e4dd9d3c0d23816d72aefea7cedd\generate.stamp.rule">
      <Filter>CMake Rules</Filter>
    </CustomBuild>
  </ItemGroup>
  <ItemGroup>
    <Filter Include="CMake Rules">
      <UniqueIdentifier>{C8A69A4B-955F-303C-B4D2-0FBBA67E9E08}</UniqueIdentifier>
    </Filter>
  </ItemGroup>
</Project>
