<?xml version="1.0" encoding="utf-8"?>
<Project ToolsVersion="4.0" xmlns="http://schemas.microsoft.com/developer/msbuild/2003">
  <ItemGroup>
    <Filter Include="Public">
      <UniqueIdentifier>{93995380-89BD-4b04-88EB-625FBE52EBFB}</UniqueIdentifier>
      <Extensions>h;hh;hpp;hxx;h++;hm;inl;inc;ipp;xsd</Extensions>
    </Filter>
    <Filter Include="Private">
      <UniqueIdentifier>{4FC737F1-C7A5-4376-A066-2A32D752A2FF}</UniqueIdentifier>
      <Extensions>cpp;c;cc;cxx;c++;cppm;ixx;def;odl;idl;hpj;bat;asm;asmx</Extensions>
    </Filter>
    <Filter Include="ThirdParty">
      <UniqueIdentifier>{6f9dfa71-75c2-4a23-97ee-9b5c3bbea7d8}</UniqueIdentifier>
    </Filter>
  </ItemGroup>
  <ItemGroup>
    <ClCompile Include="Private\Camera.cpp">
      <Filter>Private</Filter>
    </ClCompile>
    <ClCompile Include="Private\main.cpp">
      <Filter>Private</Filter>
    </ClCompile>
    <ClCompile Include="Private\Managers\EntityManager.cpp">
      <Filter>Private</Filter>
    </ClCompile>
    <ClCompile Include="Private\Managers\ComponentManager.cpp">
      <Filter>Private</Filter>
    </ClCompile>
    <ClCompile Include="Private\Resources\Mesh.cpp">
      <Filter>Private</Filter>
    </ClCompile>
    <ClCompile Include="Private\Resources\Shader.cpp">
      <Filter>Private</Filter>
    </ClCompile>
    <ClCompile Include="Private\Resources\Texture.cpp">
      <Filter>Private</Filter>
    </ClCompile>
    <ClCompile Include="Private\Systems\Renderer.cpp">
      <Filter>Private</Filter>
    </ClCompile>
    <ClCompile Include="Private\Systems\ShaderParameterCollection.cpp">
      <Filter>Private</Filter>
    </ClCompile>
    <ClCompile Include="Private\Managers\ResourcesManager.cpp">
      <Filter>Private</Filter>
    </ClCompile>
    <ClCompile Include="Private\Engine.cpp">
      <Filter>Private</Filter>
    </ClCompile>
    <ClCompile Include="Private\Platform\InputManager.cpp">
      <Filter>Private</Filter>
    </ClCompile>
    <ClCompile Include="Private\Utils\EntityFactory.cpp">
      <Filter>Private</Filter>
    </ClCompile>
    <ClCompile Include="Private\Resources\Model.cpp">
      <Filter>Private</Filter>
    </ClCompile>
    <ClCompile Include="Private\Helpers\HierarchyHelper.cpp">
      <Filter>Private</Filter>
    </ClCompile>
    <ClCompile Include="Private\Systems\HierarchySystem.cpp">
      <Filter>Private</Filter>
    </ClCompile>
    <ClCompile Include="Private\Systems\PhysicsSystem.cpp">
      <Filter>Private</Filter>
    </ClCompile>
    <ClCompile Include="Private\Systems\TransformSystem.cpp">
      <Filter>Private</Filter>
    </ClCompile>
    <ClCompile Include="..\ThirdParty\glad\src\glad.c">
      <Filter>Private</Filter>
    </ClCompile>
    <ClCompile Include="..\ThirdParty\imgui\imgui.cpp">
      <Filter>Private</Filter>
    </ClCompile>
    <ClCompile Include="..\ThirdParty\imgui\imgui_demo.cpp">
      <Filter>Private</Filter>
    </ClCompile>
    <ClCompile Include="..\ThirdParty\imgui\imgui_draw.cpp">
      <Filter>Private</Filter>
    </ClCompile>
    <ClCompile Include="..\ThirdParty\imgui\imgui_tables.cpp">
      <Filter>Private</Filter>
    </ClCompile>
    <ClCompile Include="..\ThirdParty\imgui\imgui_widgets.cpp">
      <Filter>Private</Filter>
    </ClCompile>
    <ClCompile Include="..\ThirdParty\imgui\backends\imgui_impl_glfw.cpp">
      <Filter>Private</Filter>
    </ClCompile>
    <ClCompile Include="..\ThirdParty\imgui\backends\imgui_impl_opengl3.cpp">
      <Filter>Private</Filter>
    </ClCompile>
    <ClCompile Include="Private\Managers\UIManager.cpp">
      <Filter>Private</Filter>
    </ClCompile>
    <ClCompile Include="Private\Platform\Platform.cpp">
      <Filter>Private</Filter>
    </ClCompile>
    <ClCompile Include="Private\Scene.cpp">
      <Filter>Private</Filter>
    </ClCompile>
  </ItemGroup>
  <ItemGroup>
    <ClInclude Include="Public\Camera.h">
      <Filter>Public</Filter>
    </ClInclude>
    <ClInclude Include="Public\Components\TransformComponent.h">
      <Filter>Public</Filter>
    </ClInclude>
    <ClInclude Include="Public\Systems\TransformSystem.h">
      <Filter>Public</Filter>
    </ClInclude>
    <ClInclude Include="Public\Components\MeshRendererComponent.h">
      <Filter>Public</Filter>
    </ClInclude>
    <ClInclude Include="Public\Managers\EntityManager.h">
      <Filter>Public</Filter>
    </ClInclude>
    <ClInclude Include="Public\Utils\PoolAllocator.h">
      <Filter>Public</Filter>
    </ClInclude>
    <ClInclude Include="Public\Utils\StackAllocator.h">
      <Filter>Public</Filter>
    </ClInclude>
    <ClInclude Include="Public\Managers\ComponentManager.h">
      <Filter>Public</Filter>
    </ClInclude>
    <ClInclude Include="Public\Utils\DenseArray.h">
      <Filter>Public</Filter>
    </ClInclude>
    <ClInclude Include="Public\Assets\Mesh.h">
      <Filter>Public</Filter>
    </ClInclude>
    <ClInclude Include="Public\Assets\Texture.h">
      <Filter>Public</Filter>
    </ClInclude>
    <ClInclude Include="Public\Resources\Mesh.h">
      <Filter>Public</Filter>
    </ClInclude>
    <ClInclude Include="Public\Resources\Shader.h">
      <Filter>Public</Filter>
    </ClInclude>
    <ClInclude Include="Public\Resources\Texture.h">
      <Filter>Public</Filter>
    </ClInclude>
    <ClInclude Include="Public\Systems\Renderer.h">
      <Filter>Public</Filter>
    </ClInclude>
    <ClInclude Include="Public\Components\DirectionalLightComponent.h">
      <Filter>Public</Filter>
    </ClInclude>
    <ClInclude Include="Public\Components\PointLightComponent.h">
      <Filter>Public</Filter>
    </ClInclude>
    <ClInclude Include="Public\Systems\ShaderParameterCollection.h">
      <Filter>Public</Filter>
    </ClInclude>
    <ClInclude Include="Public\Managers\ResourcesManager.h">
      <Filter>Public</Filter>
    </ClInclude>
    <ClInclude Include="Public\Engine.h">
      <Filter>Public</Filter>
    </ClInclude>
    <ClInclude Include="Public\Platform\InputManager.h">
      <Filter>Public</Filter>
    </ClInclude>
    <ClInclude Include="Public\Platform\WindowManager.h">
      <Filter>Public</Filter>
    </ClInclude>
    <ClInclude Include="Public\Utils\EntityFactory.h">
      <Filter>Public</Filter>
    </ClInclude>
    <ClInclude Include="Public\Resources\Model.h">
      <Filter>Public</Filter>
    </ClInclude>
    <ClInclude Include="Public\Resources\ResourceHandle.h">
      <Filter>Public</Filter>
    </ClInclude>
    <ClInclude Include="Public\Components\Entity.h">
      <Filter>Public</Filter>
    </ClInclude>
    <ClInclude Include="Public\Components\HierarchyComponent.h">
      <Filter>Public</Filter>
    </ClInclude>
    <ClInclude Include="Public\Components\RigidbodyComponent.h">
      <Filter>Public</Filter>
    </ClInclude>
    <ClInclude Include="Public\Systems\PhysicsSystem.h">
      <Filter>Public</Filter>
    </ClInclude>
    <ClInclude Include="Public\Utils\Ensure.h">
      <Filter>Public</Filter>
    </ClInclude>
    <ClInclude Include="Public\Systems\HierarchySystem.h">
      <Filter>Public</Filter>
    </ClInclude>
    <ClInclude Include="Public\Helpers\HierarchyHelper.h">
      <Filter>Public</Filter>
    </ClInclude>
    <ClInclude Include="..\ThirdParty\imgui\imconfig.h">
      <Filter>Public</Filter>
    </ClInclude>
    <ClInclude Include="..\ThirdParty\imgui\imgui.h">
      <Filter>Public</Filter>
    </ClInclude>
    <ClInclude Include="..\ThirdParty\imgui\imgui_internal.h">
      <Filter>Public</Filter>
    </ClInclude>
    <ClInclude Include="..\ThirdParty\imgui\imstb_rectpack.h">
      <Filter>Public</Filter>
    </ClInclude>
    <ClInclude Include="..\ThirdParty\imgui\imstb_textedit.h">
      <Filter>Public</Filter>
    </ClInclude>
    <ClInclude Include="..\ThirdParty\imgui\imstb_truetype.h">
      <Filter>Public</Filter>
    </ClInclude>
    <ClInclude Include="..\ThirdParty\imgui\backends\imgui_impl_glfw.h">
      <Filter>Public</Filter>
    </ClInclude>
    <ClInclude Include="..\ThirdParty\imgui\backends\imgui_impl_opengl3.h">
      <Filter>Public</Filter>
    </ClInclude>
    <ClInclude Include="..\ThirdParty\imgui\backends\imgui_impl_opengl3_loader.h">
      <Filter>Public</Filter>
    </ClInclude>
    <ClInclude Include="Public\Managers\UIManager.h">
      <Filter>Public</Filter>
    </ClInclude>
    <ClInclude Include="Public\Platform\Platform.h">
      <Filter>Public</Filter>
    </ClInclude>
    <ClInclude Include="Public\Platform\Input.h">
      <Filter>Public</Filter>
    </ClInclude>
    <ClInclude Include="Public\Scene.h">
      <Filter>Public</Filter>
    </ClInclude>
  </ItemGroup>
  <ItemGroup>
    <None Include="Public\Platform\GLFW\GLFWPlatform.inl">
      <Filter>Public</Filter>
    </None>
  </ItemGroup>
</Project>